
Microsoft Visual Studio Solution File, Format Version 12.00
# Visual Studio 2013
VisualStudioVersion = 12.0.21005.1
MinimumVisualStudioVersion = 10.0.40219.1
Project("{FAE04EC0-301F-11D3-BF4B-00C04F79EFBC}") = "PVFS", "PVFS\PVFS.csproj", "{1E3307C6-3782-44CF-96F6-ED2C5A23F338}"
EndProject
Project("{FAE04EC0-301F-11D3-BF4B-00C04F79EFBC}") = "VFS", "VFS\VFS.csproj", "{FE9F3DFD-0183-4CF8-B7B3-1174F7AD93FA}"
EndProject
Project("{FAE04EC0-301F-11D3-BF4B-00C04F79EFBC}") = "UnitTest", "UnitTest\UnitTest.csproj", "{FBFC798D-0451-49DC-9F76-94B5C4EB6693}"
EndProject
Global
	GlobalSection(SolutionConfigurationPlatforms) = preSolution
		Debug|Any CPU = Debug|Any CPU
		Release|Any CPU = Release|Any CPU
	EndGlobalSection
	GlobalSection(ProjectConfigurationPlatforms) = postSolution
		{1E3307C6-3782-44CF-96F6-ED2C5A23F338}.Debug|Any CPU.ActiveCfg = Debug|Any CPU
		{1E3307C6-3782-44CF-96F6-ED2C5A23F338}.Debug|Any CPU.Build.0 = Debug|Any CPU
		{1E3307C6-3782-44CF-96F6-ED2C5A23F338}.Release|Any CPU.ActiveCfg = Release|Any CPU
		{1E3307C6-3782-44CF-96F6-ED2C5A23F338}.Release|Any CPU.Build.0 = Release|Any CPU
		{FE9F3DFD-0183-4CF8-B7B3-1174F7AD93FA}.Debug|Any CPU.ActiveCfg = Debug|Any CPU
		{FE9F3DFD-0183-4CF8-B7B3-1174F7AD93FA}.Debug|Any CPU.Build.0 = Debug|Any CPU
		{FE9F3DFD-0183-4CF8-B7B3-1174F7AD93FA}.Release|Any CPU.ActiveCfg = Release|Any CPU
		{FE9F3DFD-0183-4CF8-B7B3-1174F7AD93FA}.Release|Any CPU.Build.0 = Release|Any CPU
		{FBFC798D-0451-49DC-9F76-94B5C4EB6693}.Debug|Any CPU.ActiveCfg = Debug|Any CPU
		{FBFC798D-0451-49DC-9F76-94B5C4EB6693}.Debug|Any CPU.Build.0 = Debug|Any CPU
		{FBFC798D-0451-49DC-9F76-94B5C4EB6693}.Release|Any CPU.ActiveCfg = Release|Any CPU
		{FBFC798D-0451-49DC-9F76-94B5C4EB6693}.Release|Any CPU.Build.0 = Release|Any CPU
	EndGlobalSection
	GlobalSection(SolutionProperties) = preSolution
		HideSolutionNode = FALSE
	EndGlobalSection
EndGlobal
